// !$*UTF8*$!
{
	archiveVersion = 1;
	classes = {
	};
	objectVersion = 55;
	objects = {

/* Begin PBXBuildFile section */
		35C60F6F28BD1BC40058F7C9 /* MoonshotApp.swift in Sources */ = {isa = PBXBuildFile; fileRef = 35C60F6E28BD1BC40058F7C9 /* MoonshotApp.swift */; };
		35C60F7128BD1BC40058F7C9 /* ContentView.swift in Sources */ = {isa = PBXBuildFile; fileRef = 35C60F7028BD1BC40058F7C9 /* ContentView.swift */; };
		35C60F7328BD1BC50058F7C9 /* Assets.xcassets in Resources */ = {isa = PBXBuildFile; fileRef = 35C60F7228BD1BC50058F7C9 /* Assets.xcassets */; };
		35C60F7628BD1BC50058F7C9 /* Preview Assets.xcassets in Resources */ = {isa = PBXBuildFile; fileRef = 35C60F7528BD1BC50058F7C9 /* Preview Assets.xcassets */; };
		35EC490428C206BA0045FD94 /* astronauts.json in Resources */ = {isa = PBXBuildFile; fileRef = 35EC490228C206BA0045FD94 /* astronauts.json */; };
		35EC490528C206BA0045FD94 /* missions.json in Resources */ = {isa = PBXBuildFile; fileRef = 35EC490328C206BA0045FD94 /* missions.json */; };
		35EC490728C208B10045FD94 /* Astronaut.swift in Sources */ = {isa = PBXBuildFile; fileRef = 35EC490628C208B10045FD94 /* Astronaut.swift */; };
		35EC490928C2093F0045FD94 /* Bundle-Decodable.swift in Sources */ = {isa = PBXBuildFile; fileRef = 35EC490828C2093F0045FD94 /* Bundle-Decodable.swift */; };
		35EC490B28C20C780045FD94 /* Mission.swift in Sources */ = {isa = PBXBuildFile; fileRef = 35EC490A28C20C780045FD94 /* Mission.swift */; };
		35EC490D28C224860045FD94 /* Color-Theme.swift in Sources */ = {isa = PBXBuildFile; fileRef = 35EC490C28C224860045FD94 /* Color-Theme.swift */; };
		35EC490F28C33D140045FD94 /* MissionView.swift in Sources */ = {isa = PBXBuildFile; fileRef = 35EC490E28C33D140045FD94 /* MissionView.swift */; };
		35EC491128C347650045FD94 /* AstronautView.swift in Sources */ = {isa = PBXBuildFile; fileRef = 35EC491028C347650045FD94 /* AstronautView.swift */; };
		35EC491328C34CCD0045FD94 /* RectangleDivider.swift in Sources */ = {isa = PBXBuildFile; fileRef = 35EC491228C34CCD0045FD94 /* RectangleDivider.swift */; };
		35EC491528C34D390045FD94 /* AstronautScrollView.swift in Sources */ = {isa = PBXBuildFile; fileRef = 35EC491428C34D390045FD94 /* AstronautScrollView.swift */; };
		35EC491728C351B40045FD94 /* GridLayout.swift in Sources */ = {isa = PBXBuildFile; fileRef = 35EC491628C351B40045FD94 /* GridLayout.swift */; };
		35EC491928C3522B0045FD94 /* ListLayout.swift in Sources */ = {isa = PBXBuildFile; fileRef = 35EC491828C3522B0045FD94 /* ListLayout.swift */; };
/* End PBXBuildFile section */

/* Begin PBXFileReference section */
		35C60F6B28BD1BC40058F7C9 /* Moonshot.app */ = {isa = PBXFileReference; explicitFileType = wrapper.application; includeInIndex = 0; path = Moonshot.app; sourceTree = BUILT_PRODUCTS_DIR; };
		35C60F6E28BD1BC40058F7C9 /* MoonshotApp.swift */ = {isa = PBXFileReference; lastKnownFileType = sourcecode.swift; path = MoonshotApp.swift; sourceTree = "<group>"; };
		35C60F7028BD1BC40058F7C9 /* ContentView.swift */ = {isa = PBXFileReference; lastKnownFileType = sourcecode.swift; path = ContentView.swift; sourceTree = "<group>"; };
		35C60F7228BD1BC50058F7C9 /* Assets.xcassets */ = {isa = PBXFileReference; lastKnownFileType = folder.assetcatalog; path = Assets.xcassets; sourceTree = "<group>"; };
		35C60F7528BD1BC50058F7C9 /* Preview Assets.xcassets */ = {isa = PBXFileReference; lastKnownFileType = folder.assetcatalog; path = "Preview Assets.xcassets"; sourceTree = "<group>"; };
		35EC490228C206BA0045FD94 /* astronauts.json */ = {isa = PBXFileReference; fileEncoding = 4; lastKnownFileType = text.json; path = astronauts.json; sourceTree = "<group>"; };
		35EC490328C206BA0045FD94 /* missions.json */ = {isa = PBXFileReference; fileEncoding = 4; lastKnownFileType = text.json; path = missions.json; sourceTree = "<group>"; };
		35EC490628C208B10045FD94 /* Astronaut.swift */ = {isa = PBXFileReference; lastKnownFileType = sourcecode.swift; path = Astronaut.swift; sourceTree = "<group>"; };
		35EC490828C2093F0045FD94 /* Bundle-Decodable.swift */ = {isa = PBXFileReference; lastKnownFileType = sourcecode.swift; path = "Bundle-Decodable.swift"; sourceTree = "<group>"; };
		35EC490A28C20C780045FD94 /* Mission.swift */ = {isa = PBXFileReference; lastKnownFileType = sourcecode.swift; path = Mission.swift; sourceTree = "<group>"; };
		35EC490C28C224860045FD94 /* Color-Theme.swift */ = {isa = PBXFileReference; lastKnownFileType = sourcecode.swift; path = "Color-Theme.swift"; sourceTree = "<group>"; };
		35EC490E28C33D140045FD94 /* MissionView.swift */ = {isa = PBXFileReference; lastKnownFileType = sourcecode.swift; path = MissionView.swift; sourceTree = "<group>"; };
		35EC491028C347650045FD94 /* AstronautView.swift */ = {isa = PBXFileReference; lastKnownFileType = sourcecode.swift; path = AstronautView.swift; sourceTree = "<group>"; };
		35EC491228C34CCD0045FD94 /* RectangleDivider.swift */ = {isa = PBXFileReference; lastKnownFileType = sourcecode.swift; path = RectangleDivider.swift; sourceTree = "<group>"; };
		35EC491428C34D390045FD94 /* AstronautScrollView.swift */ = {isa = PBXFileReference; lastKnownFileType = sourcecode.swift; path = AstronautScrollView.swift; sourceTree = "<group>"; };
		35EC491628C351B40045FD94 /* GridLayout.swift */ = {isa = PBXFileReference; lastKnownFileType = sourcecode.swift; path = GridLayout.swift; sourceTree = "<group>"; };
		35EC491828C3522B0045FD94 /* ListLayout.swift */ = {isa = PBXFileReference; lastKnownFileType = sourcecode.swift; path = ListLayout.swift; sourceTree = "<group>"; };
/* End PBXFileReference section */

/* Begin PBXFrameworksBuildPhase section */
		35C60F6828BD1BC40058F7C9 /* Frameworks */ = {
			isa = PBXFrameworksBuildPhase;
			buildActionMask = 2147483647;
			files = (
			);
			runOnlyForDeploymentPostprocessing = 0;
		};
/* End PBXFrameworksBuildPhase section */

/* Begin PBXGroup section */
		35C60F6228BD1BC40058F7C9 = {
			isa = PBXGroup;
			children = (
				35C60F6D28BD1BC40058F7C9 /* Moonshot */,
				35C60F6C28BD1BC40058F7C9 /* Products */,
			);
			sourceTree = "<group>";
		};
		35C60F6C28BD1BC40058F7C9 /* Products */ = {
			isa = PBXGroup;
			children = (
				35C60F6B28BD1BC40058F7C9 /* Moonshot.app */,
			);
			name = Products;
			sourceTree = "<group>";
		};
		35C60F6D28BD1BC40058F7C9 /* Moonshot */ = {
			isa = PBXGroup;
			children = (
				35C60F6E28BD1BC40058F7C9 /* MoonshotApp.swift */,
				35C60F7028BD1BC40058F7C9 /* ContentView.swift */,
				35EC491828C3522B0045FD94 /* ListLayout.swift */,
				35EC491628C351B40045FD94 /* GridLayout.swift */,
				35EC490E28C33D140045FD94 /* MissionView.swift */,
				35EC491428C34D390045FD94 /* AstronautScrollView.swift */,
				35EC491228C34CCD0045FD94 /* RectangleDivider.swift */,
				35EC491028C347650045FD94 /* AstronautView.swift */,
				35EC490628C208B10045FD94 /* Astronaut.swift */,
				35EC490A28C20C780045FD94 /* Mission.swift */,
				35EC490828C2093F0045FD94 /* Bundle-Decodable.swift */,
				35EC490228C206BA0045FD94 /* astronauts.json */,
				35EC490328C206BA0045FD94 /* missions.json */,
				35C60F7228BD1BC50058F7C9 /* Assets.xcassets */,
				35EC490C28C224860045FD94 /* Color-Theme.swift */,
				35C60F7428BD1BC50058F7C9 /* Preview Content */,
			);
			path = Moonshot;
			sourceTree = "<group>";
		};
		35C60F7428BD1BC50058F7C9 /* Preview Content */ = {
			isa = PBXGroup;
			children = (
				35C60F7528BD1BC50058F7C9 /* Preview Assets.xcassets */,
			);
			path = "Preview Content";
			sourceTree = "<group>";
		};
/* End PBXGroup section */

/* Begin PBXNativeTarget section */
		35C60F6A28BD1BC40058F7C9 /* Moonshot */ = {
			isa = PBXNativeTarget;
			buildConfigurationList = 35C60F7928BD1BC50058F7C9 /* Build configuration list for PBXNativeTarget "Moonshot" */;
			buildPhases = (
				35C60F6728BD1BC40058F7C9 /* Sources */,
				35C60F6828BD1BC40058F7C9 /* Frameworks */,
				35C60F6928BD1BC40058F7C9 /* Resources */,
			);
			buildRules = (
			);
			dependencies = (
			);
			name = Moonshot;
			productName = Moonshot;
			productReference = 35C60F6B28BD1BC40058F7C9 /* Moonshot.app */;
			productType = "com.apple.product-type.application";
		};
/* End PBXNativeTarget section */

/* Begin PBXProject section */
		35C60F6328BD1BC40058F7C9 /* Project object */ = {
			isa = PBXProject;
			attributes = {
				BuildIndependentTargetsInParallel = 1;
				LastSwiftUpdateCheck = 1340;
				LastUpgradeCheck = 1340;
				TargetAttributes = {
					35C60F6A28BD1BC40058F7C9 = {
						CreatedOnToolsVersion = 13.4.1;
					};
				};
			};
			buildConfigurationList = 35C60F6628BD1BC40058F7C9 /* Build configuration list for PBXProject "Moonshot" */;
			compatibilityVersion = "Xcode 13.0";
			developmentRegion = en;
			hasScannedForEncodings = 0;
			knownRegions = (
				en,
				Base,
			);
			mainGroup = 35C60F6228BD1BC40058F7C9;
			productRefGroup = 35C60F6C28BD1BC40058F7C9 /* Products */;
			projectDirPath = "";
			projectRoot = "";
			targets = (
				35C60F6A28BD1BC40058F7C9 /* Moonshot */,
			);
		};
/* End PBXProject section */

/* Begin PBXResourcesBuildPhase section */
		35C60F6928BD1BC40058F7C9 /* Resources */ = {
			isa = PBXResourcesBuildPhase;
			buildActionMask = 2147483647;
			files = (
				35EC490428C206BA0045FD94 /* astronauts.json in Resources */,
				35C60F7628BD1BC50058F7C9 /* Preview Assets.xcassets in Resources */,
				35EC490528C206BA0045FD94 /* missions.json in Resources */,
				35C60F7328BD1BC50058F7C9 /* Assets.xcassets in Resources */,
			);
			runOnlyForDeploymentPostprocessing = 0;
		};
/* End PBXResourcesBuildPhase section */

/* Begin PBXSourcesBuildPhase section */
		35C60F6728BD1BC40058F7C9 /* Sources */ = {
			isa = PBXSourcesBuildPhase;
			buildActionMask = 2147483647;
			files = (
				35EC490F28C33D140045FD94 /* MissionView.swift in Sources */,
				35EC491328C34CCD0045FD94 /* RectangleDivider.swift in Sources */,
				35EC490728C208B10045FD94 /* Astronaut.swift in Sources */,
				35EC491128C347650045FD94 /* AstronautView.swift in Sources */,
				35EC490D28C224860045FD94 /* Color-Theme.swift in Sources */,
				35C60F7128BD1BC40058F7C9 /* ContentView.swift in Sources */,
				35C60F6F28BD1BC40058F7C9 /* MoonshotApp.swift in Sources */,
				35EC491528C34D390045FD94 /* AstronautScrollView.swift in Sources */,
				35EC490B28C20C780045FD94 /* Mission.swift in Sources */,
				35EC491928C3522B0045FD94 /* ListLayout.swift in Sources */,
				35EC490928C2093F0045FD94 /* Bundle-Decodable.swift in Sources */,
				35EC491728C351B40045FD94 /* GridLayout.swift in Sources */,
			);
			runOnlyForDeploymentPostprocessing = 0;
		};
/* End PBXSourcesBuildPhase section */

/* Begin XCBuildConfiguration section */
		35C60F7728BD1BC50058F7C9 /* Debug */ = {
			isa = XCBuildConfiguration;
			buildSettings = {
				ALWAYS_SEARCH_USER_PATHS = NO;
				CLANG_ANALYZER_NONNULL = YES;
				CLANG_ANALYZER_NUMBER_OBJECT_CONVERSION = YES_AGGRESSIVE;
				CLANG_CXX_LANGUAGE_STANDARD = "gnu++17";
				CLANG_ENABLE_MODULES = YES;
				CLANG_ENABLE_OBJC_ARC = YES;
				CLANG_ENABLE_OBJC_WEAK = YES;
				CLANG_WARN_BLOCK_CAPTURE_AUTORELEASING = YES;
				CLANG_WARN_BOOL_CONVERSION = YES;
				CLANG_WARN_COMMA = YES;
				CLANG_WARN_CONSTANT_CONVERSION = YES;
				CLANG_WARN_DEPRECATED_OBJC_IMPLEMENTATIONS = YES;
				CLANG_WARN_DIRECT_OBJC_ISA_USAGE = YES_ERROR;
				CLANG_WARN_DOCUMENTATION_COMMENTS = YES;
				CLANG_WARN_EMPTY_BODY = YES;
				CLANG_WARN_ENUM_CONVERSION = YES;
				CLANG_WARN_INFINITE_RECURSION = YES;
				CLANG_WARN_INT_CONVERSION = YES;
				CLANG_WARN_NON_LITERAL_NULL_CONVERSION = YES;
				CLANG_WARN_OBJC_IMPLICIT_RETAIN_SELF = YES;
				CLANG_WARN_OBJC_LITERAL_CONVERSION = YES;
				CLANG_WARN_OBJC_ROOT_CLASS = YES_ERROR;
				CLANG_WARN_QUOTED_INCLUDE_IN_FRAMEWORK_HEADER = YES;
				CLANG_WARN_RANGE_LOOP_ANALYSIS = YES;
				CLANG_WARN_STRICT_PROTOTYPES = YES;
				CLANG_WARN_SUSPICIOUS_MOVE = YES;
				CLANG_WARN_UNGUARDED_AVAILABILITY = YES_AGGRESSIVE;
				CLANG_WARN_UNREACHABLE_CODE = YES;
				CLANG_WARN__DUPLICATE_METHOD_MATCH = YES;
				COPY_PHASE_STRIP = NO;
				DEBUG_INFORMATION_FORMAT = dwarf;
				ENABLE_STRICT_OBJC_MSGSEND = YES;
				ENABLE_TESTABILITY = YES;
				GCC_C_LANGUAGE_STANDARD = gnu11;
				GCC_DYNAMIC_NO_PIC = NO;
				GCC_NO_COMMON_BLOCKS = YES;
				GCC_OPTIMIZATION_LEVEL = 0;
				GCC_PREPROCESSOR_DEFINITIONS = (
					"DEBUG=1",
					"$(inherited)",
				);
				GCC_WARN_64_TO_32_BIT_CONVERSION = YES;
				GCC_WARN_ABOUT_RETURN_TYPE = YES_ERROR;
				GCC_WARN_UNDECLARED_SELECTOR = YES;
				GCC_WARN_UNINITIALIZED_AUTOS = YES_AGGRESSIVE;
				GCC_WARN_UNUSED_FUNCTION = YES;
				GCC_WARN_UNUSED_VARIABLE = YES;
				IPHONEOS_DEPLOYMENT_TARGET = 15.5;
				MTL_ENABLE_DEBUG_INFO = INCLUDE_SOURCE;
				MTL_FAST_MATH = YES;
				ONLY_ACTIVE_ARCH = YES;
				SDKROOT = iphoneos;
				SWIFT_ACTIVE_COMPILATION_CONDITIONS = DEBUG;
				SWIFT_OPTIMIZATION_LEVEL = "-Onone";
			};
			name = Debug;
		};
		35C60F7828BD1BC50058F7C9 /* Release */ = {
			isa = XCBuildConfiguration;
			buildSettings = {
				ALWAYS_SEARCH_USER_PATHS = NO;
				CLANG_ANALYZER_NONNULL = YES;
				CLANG_ANALYZER_NUMBER_OBJECT_CONVERSION = YES_AGGRESSIVE;
				CLANG_CXX_LANGUAGE_STANDARD = "gnu++17";
				CLANG_ENABLE_MODULES = YES;
				CLANG_ENABLE_OBJC_ARC = YES;
				CLANG_ENABLE_OBJC_WEAK = YES;
				CLANG_WARN_BLOCK_CAPTURE_AUTORELEASING = YES;
				CLANG_WARN_BOOL_CONVERSION = YES;
				CLANG_WARN_COMMA = YES;
				CLANG_WARN_CONSTANT_CONVERSION = YES;
				CLANG_WARN_DEPRECATED_OBJC_IMPLEMENTATIONS = YES;
				CLANG_WARN_DIRECT_OBJC_ISA_USAGE = YES_ERROR;
				CLANG_WARN_DOCUMENTATION_COMMENTS = YES;
				CLANG_WARN_EMPTY_BODY = YES;
				CLANG_WARN_ENUM_CONVERSION = YES;
				CLANG_WARN_INFINITE_RECURSION = YES;
				CLANG_WARN_INT_CONVERSION = YES;
				CLANG_WARN_NON_LITERAL_NULL_CONVERSION = YES;
				CLANG_WARN_OBJC_IMPLICIT_RETAIN_SELF = YES;
				CLANG_WARN_OBJC_LITERAL_CONVERSION = YES;
				CLANG_WARN_OBJC_ROOT_CLASS = YES_ERROR;
				CLANG_WARN_QUOTED_INCLUDE_IN_FRAMEWORK_HEADER = YES;
				CLANG_WARN_RANGE_LOOP_ANALYSIS = YES;
				CLANG_WARN_STRICT_PROTOTYPES = YES;
				CLANG_WARN_SUSPICIOUS_MOVE = YES;
				CLANG_WARN_UNGUARDED_AVAILABILITY = YES_AGGRESSIVE;
				CLANG_WARN_UNREACHABLE_CODE = YES;
				CLANG_WARN__DUPLICATE_METHOD_MATCH = YES;
				COPY_PHASE_STRIP = NO;
				DEBUG_INFORMATION_FORMAT = "dwarf-with-dsym";
				ENABLE_NS_ASSERTIONS = NO;
				ENABLE_STRICT_OBJC_MSGSEND = YES;
				GCC_C_LANGUAGE_STANDARD = gnu11;
				GCC_NO_COMMON_BLOCKS = YES;
				GCC_WARN_64_TO_32_BIT_CONVERSION = YES;
				GCC_WARN_ABOUT_RETURN_TYPE = YES_ERROR;
				GCC_WARN_UNDECLARED_SELECTOR = YES;
				GCC_WARN_UNINITIALIZED_AUTOS = YES_AGGRESSIVE;
				GCC_WARN_UNUSED_FUNCTION = YES;
				GCC_WARN_UNUSED_VARIABLE = YES;
				IPHONEOS_DEPLOYMENT_TARGET = 15.5;
				MTL_ENABLE_DEBUG_INFO = NO;
				MTL_FAST_MATH = YES;
				SDKROOT = iphoneos;
				SWIFT_COMPILATION_MODE = wholemodule;
				SWIFT_OPTIMIZATION_LEVEL = "-O";
				VALIDATE_PRODUCT = YES;
			};
			name = Release;
		};
		35C60F7A28BD1BC50058F7C9 /* Debug */ = {
			isa = XCBuildConfiguration;
			buildSettings = {
				ASSETCATALOG_COMPILER_APPICON_NAME = AppIcon;
				ASSETCATALOG_COMPILER_GLOBAL_ACCENT_COLOR_NAME = AccentColor;
				CODE_SIGN_STYLE = Automatic;
				CURRENT_PROJECT_VERSION = 1;
				DEVELOPMENT_ASSET_PATHS = "\"Moonshot/Preview Content\"";
				DEVELOPMENT_TEAM = H374R8TKGC;
				ENABLE_PREVIEWS = YES;
				GENERATE_INFOPLIST_FILE = YES;
				INFOPLIST_KEY_UIApplicationSceneManifest_Generation = YES;
				INFOPLIST_KEY_UIApplicationSupportsIndirectInputEvents = YES;
				INFOPLIST_KEY_UILaunchScreen_Generation = YES;
				INFOPLIST_KEY_UISupportedInterfaceOrientations_iPad = "UIInterfaceOrientationPortrait UIInterfaceOrientationPortraitUpsideDown UIInterfaceOrientationLandscapeLeft UIInterfaceOrientationLandscapeRight";
				INFOPLIST_KEY_UISupportedInterfaceOrientations_iPhone = "UIInterfaceOrientationPortrait UIInterfaceOrientationLandscapeLeft UIInterfaceOrientationLandscapeRight";
				LD_RUNPATH_SEARCH_PATHS = (
					"$(inherited)",
					"@executable_path/Frameworks",
				);
				MARKETING_VERSION = 1.0;
				PRODUCT_BUNDLE_IDENTIFIER = me.idziejczak.mateusz.Moonshot;
				PRODUCT_NAME = "$(TARGET_NAME)";
				SWIFT_EMIT_LOC_STRINGS = YES;
				SWIFT_VERSION = 5.0;
				TARGETED_DEVICE_FAMILY = "1,2";
			};
			name = Debug;
		};
		35C60F7B28BD1BC50058F7C9 /* Release */ = {
			isa = XCBuildConfiguration;
			buildSettings = {
				ASSETCATALOG_COMPILER_APPICON_NAME = AppIcon;
				ASSETCATALOG_COMPILER_GLOBAL_ACCENT_COLOR_NAME = AccentColor;
				CODE_SIGN_STYLE = Automatic;
				CURRENT_PROJECT_VERSION = 1;
				DEVELOPMENT_ASSET_PATHS = "\"Moonshot/Preview Content\"";
				DEVELOPMENT_TEAM = H374R8TKGC;
				ENABLE_PREVIEWS = YES;
				GENERATE_INFOPLIST_FILE = YES;
				INFOPLIST_KEY_UIApplicationSceneManifest_Generation = YES;
				INFOPLIST_KEY_UIApplicationSupportsIndirectInputEvents = YES;
				INFOPLIST_KEY_UILaunchScreen_Generation = YES;
				INFOPLIST_KEY_UISupportedInterfaceOrientations_iPad = "UIInterfaceOrientationPortrait UIInterfaceOrientationPortraitUpsideDown UIInterfaceOrientationLandscapeLeft UIInterfaceOrientationLandscapeRight";
				INFOPLIST_KEY_UISupportedInterfaceOrientations_iPhone = "UIInterfaceOrientationPortrait UIInterfaceOrientationLandscapeLeft UIInterfaceOrientationLandscapeRight";
				LD_RUNPATH_SEARCH_PATHS = (
					"$(inherited)",
					"@executable_path/Frameworks",
				);
				MARKETING_VERSION = 1.0;
				PRODUCT_BUNDLE_IDENTIFIER = me.idziejczak.mateusz.Moonshot;
				PRODUCT_NAME = "$(TARGET_NAME)";
				SWIFT_EMIT_LOC_STRINGS = YES;
				SWIFT_VERSION = 5.0;
				TARGETED_DEVICE_FAMILY = "1,2";
			};
			name = Release;
		};
/* End XCBuildConfiguration section */

/* Begin XCConfigurationList section */
		35C60F6628BD1BC40058F7C9 /* Build configuration list for PBXProject "Moonshot" */ = {
			isa = XCConfigurationList;
			buildConfigurations = (
				35C60F7728BD1BC50058F7C9 /* Debug */,
				35C60F7828BD1BC50058F7C9 /* Release */,
			);
			defaultConfigurationIsVisible = 0;
			defaultConfigurationName = Release;
		};
		35C60F7928BD1BC50058F7C9 /* Build configuration list for PBXNativeTarget "Moonshot" */ = {
			isa = XCConfigurationList;
			buildConfigurations = (
				35C60F7A28BD1BC50058F7C9 /* Debug */,
				35C60F7B28BD1BC50058F7C9 /* Release */,
			);
			defaultConfigurationIsVisible = 0;
			defaultConfigurationName = Release;
		};
/* End XCConfigurationList section */
	};
	rootObject = 35C60F6328BD1BC40058F7C9 /* Project object */;
}
